
Microsoft Visual Studio Solution File, Format Version 12.00
# Visual Studio Version 17
VisualStudioVersion = 17.14.36301.6 d17.14
MinimumVisualStudioVersion = 10.0.40219.1
Project("{FAE04EC0-301F-11D3-BF4B-00C04F79EFBC}") = "MyApp.Api", "MyApp.Api\MyApp.Api.csproj", "{6EB48F8C-E4FA-4232-961B-789E5DE33867}"
EndProject
Project("{FAE04EC0-301F-11D3-BF4B-00C04F79EFBC}") = "MyApp.Business", "MyApp.Business\MyApp.Business.csproj", "{88340C65-1191-4B98-94EA-9C72E23443AE}"
EndProject
Project("{FAE04EC0-301F-11D3-BF4B-00C04F79EFBC}") = "MyApp.Data", "MyApp.Data\MyApp.Data.csproj", "{C6B5FDA2-154A-4655-90E1-234640DF4CC1}"
EndProject
Project("{FAE04EC0-301F-11D3-BF4B-00C04F79EFBC}") = "MyApp.Domain", "MyApp.Domain\MyApp.Domain.csproj", "{4E4B0B70-ED3C-433F-BA45-A4EDFC459FBE}"
EndProject
Project("{FAE04EC0-301F-11D3-BF4B-00C04F79EFBC}") = "MyApp.Common", "MyApp.Common\MyApp.Common.csproj", "{35BD195C-6475-48AD-9302-559CC676F90E}"
EndProject
Global
	GlobalSection(SolutionConfigurationPlatforms) = preSolution
		Debug|Any CPU = Debug|Any CPU
		Release|Any CPU = Release|Any CPU
	EndGlobalSection
	GlobalSection(ProjectConfigurationPlatforms) = postSolution
		{6EB48F8C-E4FA-4232-961B-789E5DE33867}.Debug|Any CPU.ActiveCfg = Debug|Any CPU
		{6EB48F8C-E4FA-4232-961B-789E5DE33867}.Debug|Any CPU.Build.0 = Debug|Any CPU
		{6EB48F8C-E4FA-4232-961B-789E5DE33867}.Release|Any CPU.ActiveCfg = Release|Any CPU
		{6EB48F8C-E4FA-4232-961B-789E5DE33867}.Release|Any CPU.Build.0 = Release|Any CPU
		{88340C65-1191-4B98-94EA-9C72E23443AE}.Debug|Any CPU.ActiveCfg = Debug|Any CPU
		{88340C65-1191-4B98-94EA-9C72E23443AE}.Debug|Any CPU.Build.0 = Debug|Any CPU
		{88340C65-1191-4B98-94EA-9C72E23443AE}.Release|Any CPU.ActiveCfg = Release|Any CPU
		{88340C65-1191-4B98-94EA-9C72E23443AE}.Release|Any CPU.Build.0 = Release|Any CPU
		{C6B5FDA2-154A-4655-90E1-234640DF4CC1}.Debug|Any CPU.ActiveCfg = Debug|Any CPU
		{C6B5FDA2-154A-4655-90E1-234640DF4CC1}.Debug|Any CPU.Build.0 = Debug|Any CPU
		{C6B5FDA2-154A-4655-90E1-234640DF4CC1}.Release|Any CPU.ActiveCfg = Release|Any CPU
		{C6B5FDA2-154A-4655-90E1-234640DF4CC1}.Release|Any CPU.Build.0 = Release|Any CPU
		{4E4B0B70-ED3C-433F-BA45-A4EDFC459FBE}.Debug|Any CPU.ActiveCfg = Debug|Any CPU
		{4E4B0B70-ED3C-433F-BA45-A4EDFC459FBE}.Debug|Any CPU.Build.0 = Debug|Any CPU
		{4E4B0B70-ED3C-433F-BA45-A4EDFC459FBE}.Release|Any CPU.ActiveCfg = Release|Any CPU
		{4E4B0B70-ED3C-433F-BA45-A4EDFC459FBE}.Release|Any CPU.Build.0 = Release|Any CPU
		{35BD195C-6475-48AD-9302-559CC676F90E}.Debug|Any CPU.ActiveCfg = Debug|Any CPU
		{35BD195C-6475-48AD-9302-559CC676F90E}.Debug|Any CPU.Build.0 = Debug|Any CPU
		{35BD195C-6475-48AD-9302-559CC676F90E}.Release|Any CPU.ActiveCfg = Release|Any CPU
		{35BD195C-6475-48AD-9302-559CC676F90E}.Release|Any CPU.Build.0 = Release|Any CPU
	EndGlobalSection
	GlobalSection(SolutionProperties) = preSolution
		HideSolutionNode = FALSE
	EndGlobalSection
	GlobalSection(ExtensibilityGlobals) = postSolution
		SolutionGuid = {86B8249C-B0A2-4197-A1B3-F1420822CAD0}
	EndGlobalSection
EndGlobal
