
Microsoft Visual Studio Solution File, Format Version 12.00
# Visual Studio Version 17
VisualStudioVersion = 17.14.36301.6
MinimumVisualStudioVersion = 10.0.40219.1
Project("{2150E333-8FDC-42A3-9474-1A3956D46DE8}") = "Services", "Services", "{02EA681E-C7D8-13C7-8484-4AC65E1B71E8}"
EndProject
Project("{2150E333-8FDC-42A3-9474-1A3956D46DE8}") = "Catalog", "Catalog", "{0A235365-AAB6-47EA-A641-1B2863D8E1FB}"
EndProject
Project("{FAE04EC0-301F-11D3-BF4B-00C04F79EFBC}") = "Catalog.API", "Services\Catalog\Catalog.API\Catalog.API.csproj", "{C3842E0B-F926-4831-9735-900F52ACE31C}"
EndProject
Project("{2150E333-8FDC-42A3-9474-1A3956D46DE8}") = "BuildingBlocks", "BuildingBlocks", "{FAB57522-992F-48B3-A7FD-AE0C15EDA539}"
EndProject
Project("{FAE04EC0-301F-11D3-BF4B-00C04F79EFBC}") = "BuildingBlocks", "BuildingBlocks\BuildingBlocks\BuildingBlocks.csproj", "{76EA5DB8-AFED-45C8-9962-12EF064B7001}"
EndProject
Project("{E53339B2-1760-4266-BCC7-CA923CBCF16C}") = "docker-compose", "docker-compose.dcproj", "{81DDED9D-158B-E303-5F62-77A2896D2A5A}"
EndProject
Project("{2150E333-8FDC-42A3-9474-1A3956D46DE8}") = "Basket", "Basket", "{0FEC73F9-8D9C-4286-B707-5E118419A5F8}"
EndProject
Project("{FAE04EC0-301F-11D3-BF4B-00C04F79EFBC}") = "Basket.API", "Services\Basket\Basket.API\Basket.API.csproj", "{DDA8A405-C6EA-4E19-B102-B01BE7FF997C}"
EndProject
Project("{2150E333-8FDC-42A3-9474-1A3956D46DE8}") = "Discount", "Discount", "{4F6068BE-29B8-47F8-8FB4-E5B18C1F96B8}"
EndProject
Project("{FAE04EC0-301F-11D3-BF4B-00C04F79EFBC}") = "Discount.Grpc", "Services\Discount\Discount.Grpc\Discount.Grpc.csproj", "{C5085F03-4249-4084-942C-A700185E5DD0}"
EndProject
Project("{2150E333-8FDC-42A3-9474-1A3956D46DE8}") = "Ordering", "Ordering", "{EF2B1B50-39E4-427B-B635-F96DD3354AB0}"
EndProject
Project("{FAE04EC0-301F-11D3-BF4B-00C04F79EFBC}") = "Ordering.API", "Services\Ordering\Ordering.API\Ordering.API.csproj", "{AB02ECD8-860E-4D33-9672-A5448FC2B816}"
EndProject
Project("{FAE04EC0-301F-11D3-BF4B-00C04F79EFBC}") = "Ordering.Domain", "Services\Ordering\Ordering.Domain\Ordering.Domain.csproj", "{A24374CE-6F58-4CCA-82D3-A59F2F07E14A}"
EndProject
Project("{FAE04EC0-301F-11D3-BF4B-00C04F79EFBC}") = "Ordering.Infrastructure", "Services\Ordering\Ordering.Infrastructure\Ordering.Infrastructure.csproj", "{EEC15A37-32FB-4841-9425-A7C4D12567C0}"
EndProject
Project("{FAE04EC0-301F-11D3-BF4B-00C04F79EFBC}") = "Ordering.Application", "Services\Ordering\Ordering.Application\Ordering.Application.csproj", "{BFC21051-7AA3-4DB6-B6D2-BFB657AD0186}"
EndProject
Global
	GlobalSection(SolutionConfigurationPlatforms) = preSolution
		Debug|Any CPU = Debug|Any CPU
		Release|Any CPU = Release|Any CPU
	EndGlobalSection
	GlobalSection(ProjectConfigurationPlatforms) = postSolution
		{C3842E0B-F926-4831-9735-900F52ACE31C}.Debug|Any CPU.ActiveCfg = Debug|Any CPU
		{C3842E0B-F926-4831-9735-900F52ACE31C}.Debug|Any CPU.Build.0 = Debug|Any CPU
		{C3842E0B-F926-4831-9735-900F52ACE31C}.Release|Any CPU.ActiveCfg = Release|Any CPU
		{C3842E0B-F926-4831-9735-900F52ACE31C}.Release|Any CPU.Build.0 = Release|Any CPU
		{76EA5DB8-AFED-45C8-9962-12EF064B7001}.Debug|Any CPU.ActiveCfg = Debug|Any CPU
		{76EA5DB8-AFED-45C8-9962-12EF064B7001}.Debug|Any CPU.Build.0 = Debug|Any CPU
		{76EA5DB8-AFED-45C8-9962-12EF064B7001}.Release|Any CPU.ActiveCfg = Release|Any CPU
		{76EA5DB8-AFED-45C8-9962-12EF064B7001}.Release|Any CPU.Build.0 = Release|Any CPU
		{81DDED9D-158B-E303-5F62-77A2896D2A5A}.Debug|Any CPU.ActiveCfg = Debug|Any CPU
		{81DDED9D-158B-E303-5F62-77A2896D2A5A}.Debug|Any CPU.Build.0 = Debug|Any CPU
		{81DDED9D-158B-E303-5F62-77A2896D2A5A}.Release|Any CPU.ActiveCfg = Release|Any CPU
		{81DDED9D-158B-E303-5F62-77A2896D2A5A}.Release|Any CPU.Build.0 = Release|Any CPU
		{DDA8A405-C6EA-4E19-B102-B01BE7FF997C}.Debug|Any CPU.ActiveCfg = Debug|Any CPU
		{DDA8A405-C6EA-4E19-B102-B01BE7FF997C}.Debug|Any CPU.Build.0 = Debug|Any CPU
		{DDA8A405-C6EA-4E19-B102-B01BE7FF997C}.Release|Any CPU.ActiveCfg = Release|Any CPU
		{DDA8A405-C6EA-4E19-B102-B01BE7FF997C}.Release|Any CPU.Build.0 = Release|Any CPU
		{C5085F03-4249-4084-942C-A700185E5DD0}.Debug|Any CPU.ActiveCfg = Debug|Any CPU
		{C5085F03-4249-4084-942C-A700185E5DD0}.Debug|Any CPU.Build.0 = Debug|Any CPU
		{C5085F03-4249-4084-942C-A700185E5DD0}.Release|Any CPU.ActiveCfg = Release|Any CPU
		{C5085F03-4249-4084-942C-A700185E5DD0}.Release|Any CPU.Build.0 = Release|Any CPU
		{AB02ECD8-860E-4D33-9672-A5448FC2B816}.Debug|Any CPU.ActiveCfg = Debug|Any CPU
		{AB02ECD8-860E-4D33-9672-A5448FC2B816}.Debug|Any CPU.Build.0 = Debug|Any CPU
		{AB02ECD8-860E-4D33-9672-A5448FC2B816}.Release|Any CPU.ActiveCfg = Release|Any CPU
		{AB02ECD8-860E-4D33-9672-A5448FC2B816}.Release|Any CPU.Build.0 = Release|Any CPU
		{A24374CE-6F58-4CCA-82D3-A59F2F07E14A}.Debug|Any CPU.ActiveCfg = Debug|Any CPU
		{A24374CE-6F58-4CCA-82D3-A59F2F07E14A}.Debug|Any CPU.Build.0 = Debug|Any CPU
		{A24374CE-6F58-4CCA-82D3-A59F2F07E14A}.Release|Any CPU.ActiveCfg = Release|Any CPU
		{A24374CE-6F58-4CCA-82D3-A59F2F07E14A}.Release|Any CPU.Build.0 = Release|Any CPU
		{EEC15A37-32FB-4841-9425-A7C4D12567C0}.Debug|Any CPU.ActiveCfg = Debug|Any CPU
		{EEC15A37-32FB-4841-9425-A7C4D12567C0}.Debug|Any CPU.Build.0 = Debug|Any CPU
		{EEC15A37-32FB-4841-9425-A7C4D12567C0}.Release|Any CPU.ActiveCfg = Release|Any CPU
		{EEC15A37-32FB-4841-9425-A7C4D12567C0}.Release|Any CPU.Build.0 = Release|Any CPU
		{BFC21051-7AA3-4DB6-B6D2-BFB657AD0186}.Debug|Any CPU.ActiveCfg = Debug|Any CPU
		{BFC21051-7AA3-4DB6-B6D2-BFB657AD0186}.Debug|Any CPU.Build.0 = Debug|Any CPU
		{BFC21051-7AA3-4DB6-B6D2-BFB657AD0186}.Release|Any CPU.ActiveCfg = Release|Any CPU
		{BFC21051-7AA3-4DB6-B6D2-BFB657AD0186}.Release|Any CPU.Build.0 = Release|Any CPU
	EndGlobalSection
	GlobalSection(SolutionProperties) = preSolution
		HideSolutionNode = FALSE
	EndGlobalSection
	GlobalSection(NestedProjects) = preSolution
		{0A235365-AAB6-47EA-A641-1B2863D8E1FB} = {02EA681E-C7D8-13C7-8484-4AC65E1B71E8}
		{C3842E0B-F926-4831-9735-900F52ACE31C} = {0A235365-AAB6-47EA-A641-1B2863D8E1FB}
		{76EA5DB8-AFED-45C8-9962-12EF064B7001} = {FAB57522-992F-48B3-A7FD-AE0C15EDA539}
		{0FEC73F9-8D9C-4286-B707-5E118419A5F8} = {02EA681E-C7D8-13C7-8484-4AC65E1B71E8}
		{DDA8A405-C6EA-4E19-B102-B01BE7FF997C} = {0FEC73F9-8D9C-4286-B707-5E118419A5F8}
		{4F6068BE-29B8-47F8-8FB4-E5B18C1F96B8} = {02EA681E-C7D8-13C7-8484-4AC65E1B71E8}
		{C5085F03-4249-4084-942C-A700185E5DD0} = {4F6068BE-29B8-47F8-8FB4-E5B18C1F96B8}
		{EF2B1B50-39E4-427B-B635-F96DD3354AB0} = {02EA681E-C7D8-13C7-8484-4AC65E1B71E8}
		{AB02ECD8-860E-4D33-9672-A5448FC2B816} = {EF2B1B50-39E4-427B-B635-F96DD3354AB0}
		{A24374CE-6F58-4CCA-82D3-A59F2F07E14A} = {EF2B1B50-39E4-427B-B635-F96DD3354AB0}
		{EEC15A37-32FB-4841-9425-A7C4D12567C0} = {EF2B1B50-39E4-427B-B635-F96DD3354AB0}
		{BFC21051-7AA3-4DB6-B6D2-BFB657AD0186} = {EF2B1B50-39E4-427B-B635-F96DD3354AB0}
	EndGlobalSection
	GlobalSection(ExtensibilityGlobals) = postSolution
		SolutionGuid = {2F2E5FD3-6107-48D5-8B18-B7914C784431}
	EndGlobalSection
EndGlobal
