
Microsoft Visual Studio Solution File, Format Version 12.00
# Visual Studio Version 17
VisualStudioVersion = 17.14.36301.6
MinimumVisualStudioVersion = 10.0.40219.1
Project("{2150E333-8FDC-42A3-9474-1A3956D46DE8}") = "Services", "Services", "{02EA681E-C7D8-13C7-8484-4AC65E1B71E8}"
EndProject
Project("{2150E333-8FDC-42A3-9474-1A3956D46DE8}") = "Catalog", "Catalog", "{0A235365-AAB6-47EA-A641-1B2863D8E1FB}"
EndProject
Project("{FAE04EC0-301F-11D3-BF4B-00C04F79EFBC}") = "Catalog.API", "Services\Catalog\Catalog.API\Catalog.API.csproj", "{C3842E0B-F926-4831-9735-900F52ACE31C}"
EndProject
Project("{2150E333-8FDC-42A3-9474-1A3956D46DE8}") = "BuildingBlocks", "BuildingBlocks", "{FAB57522-992F-48B3-A7FD-AE0C15EDA539}"
EndProject
Project("{FAE04EC0-301F-11D3-BF4B-00C04F79EFBC}") = "BuildingBlocks", "BuildingBlocks\BuildingBlocks\BuildingBlocks.csproj", "{76EA5DB8-AFED-45C8-9962-12EF064B7001}"
EndProject
Project("{E53339B2-1760-4266-BCC7-CA923CBCF16C}") = "docker-compose", "docker-compose.dcproj", "{81DDED9D-158B-E303-5F62-77A2896D2A5A}"
EndProject
Global
	GlobalSection(SolutionConfigurationPlatforms) = preSolution
		Debug|Any CPU = Debug|Any CPU
		Release|Any CPU = Release|Any CPU
	EndGlobalSection
	GlobalSection(ProjectConfigurationPlatforms) = postSolution
		{C3842E0B-F926-4831-9735-900F52ACE31C}.Debug|Any CPU.ActiveCfg = Debug|Any CPU
		{C3842E0B-F926-4831-9735-900F52ACE31C}.Debug|Any CPU.Build.0 = Debug|Any CPU
		{C3842E0B-F926-4831-9735-900F52ACE31C}.Release|Any CPU.ActiveCfg = Release|Any CPU
		{C3842E0B-F926-4831-9735-900F52ACE31C}.Release|Any CPU.Build.0 = Release|Any CPU
		{76EA5DB8-AFED-45C8-9962-12EF064B7001}.Debug|Any CPU.ActiveCfg = Debug|Any CPU
		{76EA5DB8-AFED-45C8-9962-12EF064B7001}.Debug|Any CPU.Build.0 = Debug|Any CPU
		{76EA5DB8-AFED-45C8-9962-12EF064B7001}.Release|Any CPU.ActiveCfg = Release|Any CPU
		{76EA5DB8-AFED-45C8-9962-12EF064B7001}.Release|Any CPU.Build.0 = Release|Any CPU
		{81DDED9D-158B-E303-5F62-77A2896D2A5A}.Debug|Any CPU.ActiveCfg = Debug|Any CPU
		{81DDED9D-158B-E303-5F62-77A2896D2A5A}.Debug|Any CPU.Build.0 = Debug|Any CPU
		{81DDED9D-158B-E303-5F62-77A2896D2A5A}.Release|Any CPU.ActiveCfg = Release|Any CPU
		{81DDED9D-158B-E303-5F62-77A2896D2A5A}.Release|Any CPU.Build.0 = Release|Any CPU
	EndGlobalSection
	GlobalSection(SolutionProperties) = preSolution
		HideSolutionNode = FALSE
	EndGlobalSection
	GlobalSection(NestedProjects) = preSolution
		{0A235365-AAB6-47EA-A641-1B2863D8E1FB} = {02EA681E-C7D8-13C7-8484-4AC65E1B71E8}
		{C3842E0B-F926-4831-9735-900F52ACE31C} = {0A235365-AAB6-47EA-A641-1B2863D8E1FB}
		{76EA5DB8-AFED-45C8-9962-12EF064B7001} = {FAB57522-992F-48B3-A7FD-AE0C15EDA539}
	EndGlobalSection
	GlobalSection(ExtensibilityGlobals) = postSolution
		SolutionGuid = {2F2E5FD3-6107-48D5-8B18-B7914C784431}
	EndGlobalSection
EndGlobal
